<?xml version="1.0" encoding="utf-8"?>
<Project ToolsVersion="4.0" xmlns="http://schemas.microsoft.com/developer/msbuild/2003">
  <ItemGroup>
    <Filter Include="Source Files">
      <UniqueIdentifier>{4FC737F1-C7A5-4376-A066-2A32D752A2FF}</UniqueIdentifier>
      <Extensions>cpp;cxx;c;def</Extensions>
    </Filter>
    <Filter Include="Header Files">
      <UniqueIdentifier>{93995380-89BD-4b04-88EB-625FBE52EBFB}</UniqueIdentifier>
      <Extensions>h</Extensions>
    </Filter>
    <Filter Include="Form Files">
      <UniqueIdentifier>{99349809-55BA-4b9d-BF79-8FDBB0286EB3}</UniqueIdentifier>
      <Extensions>ui</Extensions>
    </Filter>
    <Filter Include="Resource Files">
      <UniqueIdentifier>{D9D6E242-F8AF-46E4-B9FD-80ECBC20BA3E}</UniqueIdentifier>
      <Extensions>qrc;*</Extensions>
      <ParseFiles>false</ParseFiles>
    </Filter>
    <Filter Include="Generated Files">
      <UniqueIdentifier>{71ED8ED8-ACB9-4CE9-BBE1-E00B30144E11}</UniqueIdentifier>
      <Extensions>moc;h;cpp</Extensions>
      <SourceControlFiles>False</SourceControlFiles>
    </Filter>
    <Filter Include="Generated Files\Release">
      <UniqueIdentifier>{5ae651fa-692e-45d0-bbdc-df3c61ab52d0}</UniqueIdentifier>
      <Extensions>cpp;moc</Extensions>
      <SourceControlFiles>False</SourceControlFiles>
    </Filter>
    <Filter Include="Generated Files\Debug">
      <UniqueIdentifier>{2b0b2904-ffc3-4695-a3a3-4c71cc48d153}</UniqueIdentifier>
      <Extensions>cpp;moc</Extensions>
      <SourceControlFiles>False</SourceControlFiles>
    </Filter>
  </ItemGroup>
  <ItemGroup>
    <ClCompile Include="cyberstation.cpp">
      <Filter>Source Files</Filter>
    </ClCompile>
    <ClCompile Include="cybersystem.cpp">
      <Filter>Source Files</Filter>
    </ClCompile>
    <ClCompile Include="main.cpp">
      <Filter>Source Files</Filter>
    </ClCompile>
    <ClCompile Include="RobonautControl.cpp">
      <Filter>Source Files</Filter>
    </ClCompile>
    <ClCompile Include="RobonautData.cpp">
      <Filter>Source Files</Filter>
    </ClCompile>
    <ClCompile Include="SocketBlockClient.cpp">
      <Filter>Source Files</Filter>
    </ClCompile>
    <ClCompile Include="GeneratedFiles\qrc_cybersystem.cpp">
      <Filter>Generated Files</Filter>
    </ClCompile>
    <ClCompile Include="GeneratedFiles\Release\moc_cybersystem.cpp">
      <Filter>Generated Files\Release</Filter>
    </ClCompile>
    <ClCompile Include="GeneratedFiles\Debug\moc_cybersystem.cpp">
      <Filter>Generated Files\Debug</Filter>
    </ClCompile>
  </ItemGroup>
  <ItemGroup>
    <ClInclude Include="cyberstation.h">
      <Filter>Header Files</Filter>
    </ClInclude>
    <ClInclude Include="inlib.h">
      <Filter>Header Files</Filter>
    </ClInclude>
    <ClInclude Include="RobonautControl.h">
      <Filter>Header Files</Filter>
    </ClInclude>
    <ClInclude Include="RobonautData.h">
      <Filter>Header Files</Filter>
    </ClInclude>
    <ClInclude Include="SocketBlockClient.h">
      <Filter>Header Files</Filter>
    </ClInclude>
    <ClInclude Include="SocketDefine.h">
      <Filter>Header Files</Filter>
    </ClInclude>
    <ClInclude Include="GeneratedFiles\ui_cybersystem.h">
      <Filter>Generated Files</Filter>
    </ClInclude>
    <ClInclude Include="angular_interval.hpp">
      <Filter>Header Files</Filter>
    </ClInclude>
    <ClInclude Include="kine_util.hpp">
      <Filter>Header Files</Filter>
    </ClInclude>
    <ClInclude Include="kine7.hpp">
      <Filter>Header Files</Filter>
    </ClInclude>
    <ClInclude Include="quadratic.hpp">
      <Filter>Header Files</Filter>
    </ClInclude>
    <ClInclude Include="CSocket.hpp">
      <Filter>Header Files</Filter>
    </ClInclude>
    <ClInclude Include="KineCal.h">
      <Filter>Header Files</Filter>
    </ClInclude>
  </ItemGroup>
  <ItemGroup>
    <CustomBuild Include="cybersystem.h">
      <Filter>Header Files</Filter>
    </CustomBuild>
    <CustomBuild Include="cybersystem.ui">
      <Filter>Form Files</Filter>
    </CustomBuild>
    <CustomBuild Include="cybersystem.qrc">
      <Filter>Resource Files</Filter>
    </CustomBuild>
  </ItemGroup>
  <ItemGroup>
    <None Include="KineCal.cpp">
      <Filter>Source Files</Filter>
    </None>
  </ItemGroup>
</Project>